
Microsoft Visual Studio Solution File, Format Version 12.00
# Visual Studio Version 16
VisualStudioVersion = 16.0.33423.256
MinimumVisualStudioVersion = 10.0.40219.1
Project("{FAE04EC0-301F-11D3-BF4B-00C04F79EFBC}") = "CRUD", "CRUD\CRUD.csproj", "{89C07872-82B6-4D2B-8581-3C206B19C7DA}"
EndProject
Global
	GlobalSection(SolutionConfigurationPlatforms) = preSolution
		Debug|Any CPU = Debug|Any CPU
		Release|Any CPU = Release|Any CPU
	EndGlobalSection
	GlobalSection(ProjectConfigurationPlatforms) = postSolution
		{89C07872-82B6-4D2B-8581-3C206B19C7DA}.Debug|Any CPU.ActiveCfg = Debug|Any CPU
		{89C07872-82B6-4D2B-8581-3C206B19C7DA}.Debug|Any CPU.Build.0 = Debug|Any CPU
		{89C07872-82B6-4D2B-8581-3C206B19C7DA}.Release|Any CPU.ActiveCfg = Release|Any CPU
		{89C07872-82B6-4D2B-8581-3C206B19C7DA}.Release|Any CPU.Build.0 = Release|Any CPU
	EndGlobalSection
	GlobalSection(SolutionProperties) = preSolution
		HideSolutionNode = FALSE
	EndGlobalSection
	GlobalSection(ExtensibilityGlobals) = postSolution
		SolutionGuid = {F6E29A00-CC48-4434-8EAD-E0404B187751}
	EndGlobalSection
EndGlobal
