
Microsoft Visual Studio Solution File, Format Version 12.00
# Visual Studio Version 16
VisualStudioVersion = 16.0.33423.256
MinimumVisualStudioVersion = 10.0.40219.1
Project("{FAE04EC0-301F-11D3-BF4B-00C04F79EFBC}") = "LoginFormMVC", "LoginFormMVC\LoginFormMVC.csproj", "{0C4338FD-E645-4AA0-BCA5-C6550EDCD12E}"
EndProject
Global
	GlobalSection(SolutionConfigurationPlatforms) = preSolution
		Debug|Any CPU = Debug|Any CPU
		Release|Any CPU = Release|Any CPU
	EndGlobalSection
	GlobalSection(ProjectConfigurationPlatforms) = postSolution
		{0C4338FD-E645-4AA0-BCA5-C6550EDCD12E}.Debug|Any CPU.ActiveCfg = Debug|Any CPU
		{0C4338FD-E645-4AA0-BCA5-C6550EDCD12E}.Debug|Any CPU.Build.0 = Debug|Any CPU
		{0C4338FD-E645-4AA0-BCA5-C6550EDCD12E}.Release|Any CPU.ActiveCfg = Release|Any CPU
		{0C4338FD-E645-4AA0-BCA5-C6550EDCD12E}.Release|Any CPU.Build.0 = Release|Any CPU
	EndGlobalSection
	GlobalSection(SolutionProperties) = preSolution
		HideSolutionNode = FALSE
	EndGlobalSection
	GlobalSection(ExtensibilityGlobals) = postSolution
		SolutionGuid = {0A539E8C-A42C-4780-B4EB-FD2C4AEC2043}
	EndGlobalSection
EndGlobal
