
Microsoft Visual Studio Solution File, Format Version 12.00
# Visual Studio Version 16
VisualStudioVersion = 16.0.33423.256
MinimumVisualStudioVersion = 10.0.40219.1
Project("{FAE04EC0-301F-11D3-BF4B-00C04F79EFBC}") = "DataBaseFirstApproachEF", "DataBaseFirstApproachEF\DataBaseFirstApproachEF.csproj", "{03D35A11-F093-4651-9F3A-379078E8AC00}"
EndProject
Global
	GlobalSection(SolutionConfigurationPlatforms) = preSolution
		Debug|Any CPU = Debug|Any CPU
		Release|Any CPU = Release|Any CPU
	EndGlobalSection
	GlobalSection(ProjectConfigurationPlatforms) = postSolution
		{03D35A11-F093-4651-9F3A-379078E8AC00}.Debug|Any CPU.ActiveCfg = Debug|Any CPU
		{03D35A11-F093-4651-9F3A-379078E8AC00}.Debug|Any CPU.Build.0 = Debug|Any CPU
		{03D35A11-F093-4651-9F3A-379078E8AC00}.Release|Any CPU.ActiveCfg = Release|Any CPU
		{03D35A11-F093-4651-9F3A-379078E8AC00}.Release|Any CPU.Build.0 = Release|Any CPU
	EndGlobalSection
	GlobalSection(SolutionProperties) = preSolution
		HideSolutionNode = FALSE
	EndGlobalSection
	GlobalSection(ExtensibilityGlobals) = postSolution
		SolutionGuid = {AF9451F1-1B8B-41F6-A467-ED810E518429}
	EndGlobalSection
EndGlobal
